<Solution>
  <Project Path="src/CodexMultipleAccounts.Core/CodexMultipleAccounts.Core.csproj" />
  <Project Path="src/CodexMultipleAccounts.App/CodexMultipleAccounts.App.csproj" />
  <Project Path="tests/CodexMultipleAccounts.Core.Tests/CodexMultipleAccounts.Core.Tests.csproj" />
  <Project Path="tests/CodexMultipleAccounts.App.Tests/CodexMultipleAccounts.App.Tests.csproj" />
</Solution>
